
Microsoft Visual Studio Solution File, Format Version 12.00
# Visual Studio Version 16
VisualStudioVersion = 16.0.30011.22
MinimumVisualStudioVersion = 10.0.40219.1
Project("{FAE04EC0-301F-11D3-BF4B-00C04F79EFBC}") = "CalculadoraCilindro", "CalculadoraCilindro.csproj", "{68083FCD-1341-44C5-A322-1D811538973B}"
EndProject
Global
	GlobalSection(SolutionConfigurationPlatforms) = preSolution
		Debug|Any CPU = Debug|Any CPU
		Release|Any CPU = Release|Any CPU
	EndGlobalSection
	GlobalSection(ProjectConfigurationPlatforms) = postSolution
		{68083FCD-1341-44C5-A322-1D811538973B}.Debug|Any CPU.ActiveCfg = Debug|Any CPU
		{68083FCD-1341-44C5-A322-1D811538973B}.Debug|Any CPU.Build.0 = Debug|Any CPU
		{68083FCD-1341-44C5-A322-1D811538973B}.Release|Any CPU.ActiveCfg = Release|Any CPU
		{68083FCD-1341-44C5-A322-1D811538973B}.Release|Any CPU.Build.0 = Release|Any CPU
	EndGlobalSection
	GlobalSection(SolutionProperties) = preSolution
		HideSolutionNode = FALSE
	EndGlobalSection
	GlobalSection(ExtensibilityGlobals) = postSolution
		SolutionGuid = {3781A919-0C31-4407-8216-F9A554BA8CED}
	EndGlobalSection
EndGlobal
