
Microsoft Visual Studio Solution File, Format Version 12.00
# Visual Studio Version 16
VisualStudioVersion = 16.0.30011.22
MinimumVisualStudioVersion = 10.0.40219.1
Project("{FAE04EC0-301F-11D3-BF4B-00C04F79EFBC}") = "Atividade2", "Atividade2.csproj", "{2EB2A3E6-3368-410F-8B01-B77C689A98D4}"
EndProject
Project("{FAE04EC0-301F-11D3-BF4B-00C04F79EFBC}") = "Atividade3", "..\Atividade3\Atividade3.csproj", "{10B6B098-1209-4CE2-A16A-9DEAAB38C900}"
EndProject
Project("{FAE04EC0-301F-11D3-BF4B-00C04F79EFBC}") = "Atividade4", "..\Atividade4\Atividade4.csproj", "{1DC28B5F-F5CC-4FB5-B6F5-33F13A420D68}"
EndProject
Project("{FAE04EC0-301F-11D3-BF4B-00C04F79EFBC}") = "Atividade5", "..\Atividade5\Atividade5.csproj", "{67B74DB8-EA01-4D33-AB3D-A54409258B8E}"
EndProject
Project("{FAE04EC0-301F-11D3-BF4B-00C04F79EFBC}") = "Atividade6", "..\Atividade6\Atividade6.csproj", "{77806986-1A71-41D4-AE2D-1AB61495DB4B}"
EndProject
Global
	GlobalSection(SolutionConfigurationPlatforms) = preSolution
		Debug|Any CPU = Debug|Any CPU
		Release|Any CPU = Release|Any CPU
	EndGlobalSection
	GlobalSection(ProjectConfigurationPlatforms) = postSolution
		{2EB2A3E6-3368-410F-8B01-B77C689A98D4}.Debug|Any CPU.ActiveCfg = Debug|Any CPU
		{2EB2A3E6-3368-410F-8B01-B77C689A98D4}.Debug|Any CPU.Build.0 = Debug|Any CPU
		{2EB2A3E6-3368-410F-8B01-B77C689A98D4}.Release|Any CPU.ActiveCfg = Release|Any CPU
		{2EB2A3E6-3368-410F-8B01-B77C689A98D4}.Release|Any CPU.Build.0 = Release|Any CPU
		{10B6B098-1209-4CE2-A16A-9DEAAB38C900}.Debug|Any CPU.ActiveCfg = Debug|Any CPU
		{10B6B098-1209-4CE2-A16A-9DEAAB38C900}.Debug|Any CPU.Build.0 = Debug|Any CPU
		{10B6B098-1209-4CE2-A16A-9DEAAB38C900}.Release|Any CPU.ActiveCfg = Release|Any CPU
		{10B6B098-1209-4CE2-A16A-9DEAAB38C900}.Release|Any CPU.Build.0 = Release|Any CPU
		{1DC28B5F-F5CC-4FB5-B6F5-33F13A420D68}.Debug|Any CPU.ActiveCfg = Debug|Any CPU
		{1DC28B5F-F5CC-4FB5-B6F5-33F13A420D68}.Debug|Any CPU.Build.0 = Debug|Any CPU
		{1DC28B5F-F5CC-4FB5-B6F5-33F13A420D68}.Release|Any CPU.ActiveCfg = Release|Any CPU
		{1DC28B5F-F5CC-4FB5-B6F5-33F13A420D68}.Release|Any CPU.Build.0 = Release|Any CPU
		{67B74DB8-EA01-4D33-AB3D-A54409258B8E}.Debug|Any CPU.ActiveCfg = Debug|Any CPU
		{67B74DB8-EA01-4D33-AB3D-A54409258B8E}.Debug|Any CPU.Build.0 = Debug|Any CPU
		{67B74DB8-EA01-4D33-AB3D-A54409258B8E}.Release|Any CPU.ActiveCfg = Release|Any CPU
		{67B74DB8-EA01-4D33-AB3D-A54409258B8E}.Release|Any CPU.Build.0 = Release|Any CPU
		{77806986-1A71-41D4-AE2D-1AB61495DB4B}.Debug|Any CPU.ActiveCfg = Debug|Any CPU
		{77806986-1A71-41D4-AE2D-1AB61495DB4B}.Debug|Any CPU.Build.0 = Debug|Any CPU
		{77806986-1A71-41D4-AE2D-1AB61495DB4B}.Release|Any CPU.ActiveCfg = Release|Any CPU
		{77806986-1A71-41D4-AE2D-1AB61495DB4B}.Release|Any CPU.Build.0 = Release|Any CPU
	EndGlobalSection
	GlobalSection(SolutionProperties) = preSolution
		HideSolutionNode = FALSE
	EndGlobalSection
	GlobalSection(ExtensibilityGlobals) = postSolution
		SolutionGuid = {C849C5BB-6070-4668-92E2-8EA9E6309C46}
	EndGlobalSection
EndGlobal
